// !$*UTF8*$!
{
	archiveVersion = 1;
	classes = {
	};
	objectVersion = 55;
	objects = {

/* Begin PBXBuildFile section */
		22DCFE0927C97DB90013605E /* AppDelegate.swift in Sources */ = {isa = PBXBuildFile; fileRef = 22DCFE0827C97DB90013605E /* AppDelegate.swift */; };
		22DCFE0B27C97DB90013605E /* SceneDelegate.swift in Sources */ = {isa = PBXBuildFile; fileRef = 22DCFE0A27C97DB90013605E /* SceneDelegate.swift */; };
		22DCFE0D27C97DB90013605E /* ViewController.swift in Sources */ = {isa = PBXBuildFile; fileRef = 22DCFE0C27C97DB90013605E /* ViewController.swift */; };
		22DCFE1027C97DB90013605E /* Main.storyboard in Resources */ = {isa = PBXBuildFile; fileRef = 22DCFE0E27C97DB90013605E /* Main.storyboard */; };
		22DCFE1327C97DB90013605E /* CoreDataDemo_1.xcdatamodeld in Sources */ = {isa = PBXBuildFile; fileRef = 22DCFE1127C97DB90013605E /* CoreDataDemo_1.xcdatamodeld */; };
		22DCFE1527C97DBB0013605E /* Assets.xcassets in Resources */ = {isa = PBXBuildFile; fileRef = 22DCFE1427C97DBB0013605E /* Assets.xcassets */; };
		22DCFE1827C97DBB0013605E /* LaunchScreen.storyboard in Resources */ = {isa = PBXBuildFile; fileRef = 22DCFE1627C97DBB0013605E /* LaunchScreen.storyboard */; };
/* End PBXBuildFile section */

/* Begin PBXFileReference section */
		22DCFE0527C97DB90013605E /* CoreDataDemo-1.app */ = {isa = PBXFileReference; explicitFileType = wrapper.application; includeInIndex = 0; path = "CoreDataDemo-1.app"; sourceTree = BUILT_PRODUCTS_DIR; };
		22DCFE0827C97DB90013605E /* AppDelegate.swift */ = {isa = PBXFileReference; lastKnownFileType = sourcecode.swift; path = AppDelegate.swift; sourceTree = "<group>"; };
		22DCFE0A27C97DB90013605E /* SceneDelegate.swift */ = {isa = PBXFileReference; lastKnownFileType = sourcecode.swift; path = SceneDelegate.swift; sourceTree = "<group>"; };
		22DCFE0C27C97DB90013605E /* ViewController.swift */ = {isa = PBXFileReference; lastKnownFileType = sourcecode.swift; path = ViewController.swift; sourceTree = "<group>"; };
		22DCFE0F27C97DB90013605E /* Base */ = {isa = PBXFileReference; lastKnownFileType = file.storyboard; name = Base; path = Base.lproj/Main.storyboard; sourceTree = "<group>"; };
		22DCFE1227C97DB90013605E /* CoreDataDemo_1.xcdatamodel */ = {isa = PBXFileReference; lastKnownFileType = wrapper.xcdatamodel; path = CoreDataDemo_1.xcdatamodel; sourceTree = "<group>"; };
		22DCFE1427C97DBB0013605E /* Assets.xcassets */ = {isa = PBXFileReference; lastKnownFileType = folder.assetcatalog; path = Assets.xcassets; sourceTree = "<group>"; };
		22DCFE1727C97DBB0013605E /* Base */ = {isa = PBXFileReference; lastKnownFileType = file.storyboard; name = Base; path = Base.lproj/LaunchScreen.storyboard; sourceTree = "<group>"; };
		22DCFE1927C97DBB0013605E /* Info.plist */ = {isa = PBXFileReference; lastKnownFileType = text.plist.xml; path = Info.plist; sourceTree = "<group>"; };
/* End PBXFileReference section */

/* Begin PBXFrameworksBuildPhase section */
		22DCFE0227C97DB90013605E /* Frameworks */ = {
			isa = PBXFrameworksBuildPhase;
			buildActionMask = 2147483647;
			files = (
			);
			runOnlyForDeploymentPostprocessing = 0;
		};
/* End PBXFrameworksBuildPhase section */

/* Begin PBXGroup section */
		22DCFDFC27C97DB90013605E = {
			isa = PBXGroup;
			children = (
				22DCFE0727C97DB90013605E /* CoreDataDemo-1 */,
				22DCFE0627C97DB90013605E /* Products */,
			);
			sourceTree = "<group>";
		};
		22DCFE0627C97DB90013605E /* Products */ = {
			isa = PBXGroup;
			children = (
				22DCFE0527C97DB90013605E /* CoreDataDemo-1.app */,
			);
			name = Products;
			sourceTree = "<group>";
		};
		22DCFE0727C97DB90013605E /* CoreDataDemo-1 */ = {
			isa = PBXGroup;
			children = (
				22DCFE0827C97DB90013605E /* AppDelegate.swift */,
				22DCFE0A27C97DB90013605E /* SceneDelegate.swift */,
				22DCFE0C27C97DB90013605E /* ViewController.swift */,
				22DCFE0E27C97DB90013605E /* Main.storyboard */,
				22DCFE1427C97DBB0013605E /* Assets.xcassets */,
				22DCFE1627C97DBB0013605E /* LaunchScreen.storyboard */,
				22DCFE1927C97DBB0013605E /* Info.plist */,
				22DCFE1127C97DB90013605E /* CoreDataDemo_1.xcdatamodeld */,
			);
			path = "CoreDataDemo-1";
			sourceTree = "<group>";
		};
/* End PBXGroup section */

/* Begin PBXNativeTarget section */
		22DCFE0427C97DB90013605E /* CoreDataDemo-1 */ = {
			isa = PBXNativeTarget;
			buildConfigurationList = 22DCFE1C27C97DBB0013605E /* Build configuration list for PBXNativeTarget "CoreDataDemo-1" */;
			buildPhases = (
				22DCFE0127C97DB90013605E /* Sources */,
				22DCFE0227C97DB90013605E /* Frameworks */,
				22DCFE0327C97DB90013605E /* Resources */,
			);
			buildRules = (
			);
			dependencies = (
			);
			name = "CoreDataDemo-1";
			productName = "CoreDataDemo-1";
			productReference = 22DCFE0527C97DB90013605E /* CoreDataDemo-1.app */;
			productType = "com.apple.product-type.application";
		};
/* End PBXNativeTarget section */

/* Begin PBXProject section */
		22DCFDFD27C97DB90013605E /* Project object */ = {
			isa = PBXProject;
			attributes = {
				BuildIndependentTargetsInParallel = 1;
				LastSwiftUpdateCheck = 1300;
				LastUpgradeCheck = 1300;
				TargetAttributes = {
					22DCFE0427C97DB90013605E = {
						CreatedOnToolsVersion = 13.0;
					};
				};
			};
			buildConfigurationList = 22DCFE0027C97DB90013605E /* Build configuration list for PBXProject "CoreDataDemo-1" */;
			compatibilityVersion = "Xcode 13.0";
			developmentRegion = en;
			hasScannedForEncodings = 0;
			knownRegions = (
				en,
				Base,
			);
			mainGroup = 22DCFDFC27C97DB90013605E;
			productRefGroup = 22DCFE0627C97DB90013605E /* Products */;
			projectDirPath = "";
			projectRoot = "";
			targets = (
				22DCFE0427C97DB90013605E /* CoreDataDemo-1 */,
			);
		};
/* End PBXProject section */

/* Begin PBXResourcesBuildPhase section */
		22DCFE0327C97DB90013605E /* Resources */ = {
			isa = PBXResourcesBuildPhase;
			buildActionMask = 2147483647;
			files = (
				22DCFE1827C97DBB0013605E /* LaunchScreen.storyboard in Resources */,
				22DCFE1527C97DBB0013605E /* Assets.xcassets in Resources */,
				22DCFE1027C97DB90013605E /* Main.storyboard in Resources */,
			);
			runOnlyForDeploymentPostprocessing = 0;
		};
/* End PBXResourcesBuildPhase section */

/* Begin PBXSourcesBuildPhase section */
		22DCFE0127C97DB90013605E /* Sources */ = {
			isa = PBXSourcesBuildPhase;
			buildActionMask = 2147483647;
			files = (
				22DCFE0D27C97DB90013605E /* ViewController.swift in Sources */,
				22DCFE0927C97DB90013605E /* AppDelegate.swift in Sources */,
				22DCFE0B27C97DB90013605E /* SceneDelegate.swift in Sources */,
				22DCFE1327C97DB90013605E /* CoreDataDemo_1.xcdatamodeld in Sources */,
			);
			runOnlyForDeploymentPostprocessing = 0;
		};
/* End PBXSourcesBuildPhase section */

/* Begin PBXVariantGroup section */
		22DCFE0E27C97DB90013605E /* Main.storyboard */ = {
			isa = PBXVariantGroup;
			children = (
				22DCFE0F27C97DB90013605E /* Base */,
			);
			name = Main.storyboard;
			sourceTree = "<group>";
		};
		22DCFE1627C97DBB0013605E /* LaunchScreen.storyboard */ = {
			isa = PBXVariantGroup;
			children = (
				22DCFE1727C97DBB0013605E /* Base */,
			);
			name = LaunchScreen.storyboard;
			sourceTree = "<group>";
		};
/* End PBXVariantGroup section */

/* Begin XCBuildConfiguration section */
		22DCFE1A27C97DBB0013605E /* Debug */ = {
			isa = XCBuildConfiguration;
			buildSettings = {
				ALWAYS_SEARCH_USER_PATHS = NO;
				CLANG_ANALYZER_NONNULL = YES;
				CLANG_ANALYZER_NUMBER_OBJECT_CONVERSION = YES_AGGRESSIVE;
				CLANG_CXX_LANGUAGE_STANDARD = "gnu++17";
				CLANG_CXX_LIBRARY = "libc++";
				CLANG_ENABLE_MODULES = YES;
				CLANG_ENABLE_OBJC_ARC = YES;
				CLANG_ENABLE_OBJC_WEAK = YES;
				CLANG_WARN_BLOCK_CAPTURE_AUTORELEASING = YES;
				CLANG_WARN_BOOL_CONVERSION = YES;
				CLANG_WARN_COMMA = YES;
				CLANG_WARN_CONSTANT_CONVERSION = YES;
				CLANG_WARN_DEPRECATED_OBJC_IMPLEMENTATIONS = YES;
				CLANG_WARN_DIRECT_OBJC_ISA_USAGE = YES_ERROR;
				CLANG_WARN_DOCUMENTATION_COMMENTS = YES;
				CLANG_WARN_EMPTY_BODY = YES;
				CLANG_WARN_ENUM_CONVERSION = YES;
				CLANG_WARN_INFINITE_RECURSION = YES;
				CLANG_WARN_INT_CONVERSION = YES;
				CLANG_WARN_NON_LITERAL_NULL_CONVERSION = YES;
				CLANG_WARN_OBJC_IMPLICIT_RETAIN_SELF = YES;
				CLANG_WARN_OBJC_LITERAL_CONVERSION = YES;
				CLANG_WARN_OBJC_ROOT_CLASS = YES_ERROR;
				CLANG_WARN_QUOTED_INCLUDE_IN_FRAMEWORK_HEADER = YES;
				CLANG_WARN_RANGE_LOOP_ANALYSIS = YES;
				CLANG_WARN_STRICT_PROTOTYPES = YES;
				CLANG_WARN_SUSPICIOUS_MOVE = YES;
				CLANG_WARN_UNGUARDED_AVAILABILITY = YES_AGGRESSIVE;
				CLANG_WARN_UNREACHABLE_CODE = YES;
				CLANG_WARN__DUPLICATE_METHOD_MATCH = YES;
				COPY_PHASE_STRIP = NO;
				DEBUG_INFORMATION_FORMAT = dwarf;
				ENABLE_STRICT_OBJC_MSGSEND = YES;
				ENABLE_TESTABILITY = YES;
				GCC_C_LANGUAGE_STANDARD = gnu11;
				GCC_DYNAMIC_NO_PIC = NO;
				GCC_NO_COMMON_BLOCKS = YES;
				GCC_OPTIMIZATION_LEVEL = 0;
				GCC_PREPROCESSOR_DEFINITIONS = (
					"DEBUG=1",
					"$(inherited)",
				);
				GCC_WARN_64_TO_32_BIT_CONVERSION = YES;
				GCC_WARN_ABOUT_RETURN_TYPE = YES_ERROR;
				GCC_WARN_UNDECLARED_SELECTOR = YES;
				GCC_WARN_UNINITIALIZED_AUTOS = YES_AGGRESSIVE;
				GCC_WARN_UNUSED_FUNCTION = YES;
				GCC_WARN_UNUSED_VARIABLE = YES;
				IPHONEOS_DEPLOYMENT_TARGET = 15.0;
				MTL_ENABLE_DEBUG_INFO = INCLUDE_SOURCE;
				MTL_FAST_MATH = YES;
				ONLY_ACTIVE_ARCH = YES;
				SDKROOT = iphoneos;
				SWIFT_ACTIVE_COMPILATION_CONDITIONS = DEBUG;
				SWIFT_OPTIMIZATION_LEVEL = "-Onone";
			};
			name = Debug;
		};
		22DCFE1B27C97DBB0013605E /* Release */ = {
			isa = XCBuildConfiguration;
			buildSettings = {
				ALWAYS_SEARCH_USER_PATHS = NO;
				CLANG_ANALYZER_NONNULL = YES;
				CLANG_ANALYZER_NUMBER_OBJECT_CONVERSION = YES_AGGRESSIVE;
				CLANG_CXX_LANGUAGE_STANDARD = "gnu++17";
				CLANG_CXX_LIBRARY = "libc++";
				CLANG_ENABLE_MODULES = YES;
				CLANG_ENABLE_OBJC_ARC = YES;
				CLANG_ENABLE_OBJC_WEAK = YES;
				CLANG_WARN_BLOCK_CAPTURE_AUTORELEASING = YES;
				CLANG_WARN_BOOL_CONVERSION = YES;
				CLANG_WARN_COMMA = YES;
				CLANG_WARN_CONSTANT_CONVERSION = YES;
				CLANG_WARN_DEPRECATED_OBJC_IMPLEMENTATIONS = YES;
				CLANG_WARN_DIRECT_OBJC_ISA_USAGE = YES_ERROR;
				CLANG_WARN_DOCUMENTATION_COMMENTS = YES;
				CLANG_WARN_EMPTY_BODY = YES;
				CLANG_WARN_ENUM_CONVERSION = YES;
				CLANG_WARN_INFINITE_RECURSION = YES;
				CLANG_WARN_INT_CONVERSION = YES;
				CLANG_WARN_NON_LITERAL_NULL_CONVERSION = YES;
				CLANG_WARN_OBJC_IMPLICIT_RETAIN_SELF = YES;
				CLANG_WARN_OBJC_LITERAL_CONVERSION = YES;
				CLANG_WARN_OBJC_ROOT_CLASS = YES_ERROR;
				CLANG_WARN_QUOTED_INCLUDE_IN_FRAMEWORK_HEADER = YES;
				CLANG_WARN_RANGE_LOOP_ANALYSIS = YES;
				CLANG_WARN_STRICT_PROTOTYPES = YES;
				CLANG_WARN_SUSPICIOUS_MOVE = YES;
				CLANG_WARN_UNGUARDED_AVAILABILITY = YES_AGGRESSIVE;
				CLANG_WARN_UNREACHABLE_CODE = YES;
				CLANG_WARN__DUPLICATE_METHOD_MATCH = YES;
				COPY_PHASE_STRIP = NO;
				DEBUG_INFORMATION_FORMAT = "dwarf-with-dsym";
				ENABLE_NS_ASSERTIONS = NO;
				ENABLE_STRICT_OBJC_MSGSEND = YES;
				GCC_C_LANGUAGE_STANDARD = gnu11;
				GCC_NO_COMMON_BLOCKS = YES;
				GCC_WARN_64_TO_32_BIT_CONVERSION = YES;
				GCC_WARN_ABOUT_RETURN_TYPE = YES_ERROR;
				GCC_WARN_UNDECLARED_SELECTOR = YES;
				GCC_WARN_UNINITIALIZED_AUTOS = YES_AGGRESSIVE;
				GCC_WARN_UNUSED_FUNCTION = YES;
				GCC_WARN_UNUSED_VARIABLE = YES;
				IPHONEOS_DEPLOYMENT_TARGET = 15.0;
				MTL_ENABLE_DEBUG_INFO = NO;
				MTL_FAST_MATH = YES;
				SDKROOT = iphoneos;
				SWIFT_COMPILATION_MODE = wholemodule;
				SWIFT_OPTIMIZATION_LEVEL = "-O";
				VALIDATE_PRODUCT = YES;
			};
			name = Release;
		};
		22DCFE1D27C97DBB0013605E /* Debug */ = {
			isa = XCBuildConfiguration;
			buildSettings = {
				ASSETCATALOG_COMPILER_APPICON_NAME = AppIcon;
				ASSETCATALOG_COMPILER_GLOBAL_ACCENT_COLOR_NAME = AccentColor;
				CODE_SIGN_STYLE = Automatic;
				CURRENT_PROJECT_VERSION = 1;
				DEVELOPMENT_TEAM = L2REF7KEJN;
				GENERATE_INFOPLIST_FILE = YES;
				INFOPLIST_FILE = "CoreDataDemo-1/Info.plist";
				INFOPLIST_KEY_UIApplicationSupportsIndirectInputEvents = YES;
				INFOPLIST_KEY_UILaunchStoryboardName = LaunchScreen;
				INFOPLIST_KEY_UIMainStoryboardFile = Main;
				INFOPLIST_KEY_UISupportedInterfaceOrientations_iPad = "UIInterfaceOrientationPortrait UIInterfaceOrientationPortraitUpsideDown UIInterfaceOrientationLandscapeLeft UIInterfaceOrientationLandscapeRight";
				INFOPLIST_KEY_UISupportedInterfaceOrientations_iPhone = "UIInterfaceOrientationPortrait UIInterfaceOrientationLandscapeLeft UIInterfaceOrientationLandscapeRight";
				LD_RUNPATH_SEARCH_PATHS = (
					"$(inherited)",
					"@executable_path/Frameworks",
				);
				MARKETING_VERSION = 1.0;
				PRODUCT_BUNDLE_IDENTIFIER = "team-d.CoreDataDemo-1";
				PRODUCT_NAME = "$(TARGET_NAME)";
				SWIFT_EMIT_LOC_STRINGS = YES;
				SWIFT_VERSION = 5.0;
				TARGETED_DEVICE_FAMILY = "1,2";
			};
			name = Debug;
		};
		22DCFE1E27C97DBB0013605E /* Release */ = {
			isa = XCBuildConfiguration;
			buildSettings = {
				ASSETCATALOG_COMPILER_APPICON_NAME = AppIcon;
				ASSETCATALOG_COMPILER_GLOBAL_ACCENT_COLOR_NAME = AccentColor;
				CODE_SIGN_STYLE = Automatic;
				CURRENT_PROJECT_VERSION = 1;
				DEVELOPMENT_TEAM = L2REF7KEJN;
				GENERATE_INFOPLIST_FILE = YES;
				INFOPLIST_FILE = "CoreDataDemo-1/Info.plist";
				INFOPLIST_KEY_UIApplicationSupportsIndirectInputEvents = YES;
				INFOPLIST_KEY_UILaunchStoryboardName = LaunchScreen;
				INFOPLIST_KEY_UIMainStoryboardFile = Main;
				INFOPLIST_KEY_UISupportedInterfaceOrientations_iPad = "UIInterfaceOrientationPortrait UIInterfaceOrientationPortraitUpsideDown UIInterfaceOrientationLandscapeLeft UIInterfaceOrientationLandscapeRight";
				INFOPLIST_KEY_UISupportedInterfaceOrientations_iPhone = "UIInterfaceOrientationPortrait UIInterfaceOrientationLandscapeLeft UIInterfaceOrientationLandscapeRight";
				LD_RUNPATH_SEARCH_PATHS = (
					"$(inherited)",
					"@executable_path/Frameworks",
				);
				MARKETING_VERSION = 1.0;
				PRODUCT_BUNDLE_IDENTIFIER = "team-d.CoreDataDemo-1";
				PRODUCT_NAME = "$(TARGET_NAME)";
				SWIFT_EMIT_LOC_STRINGS = YES;
				SWIFT_VERSION = 5.0;
				TARGETED_DEVICE_FAMILY = "1,2";
			};
			name = Release;
		};
/* End XCBuildConfiguration section */

/* Begin XCConfigurationList section */
		22DCFE0027C97DB90013605E /* Build configuration list for PBXProject "CoreDataDemo-1" */ = {
			isa = XCConfigurationList;
			buildConfigurations = (
				22DCFE1A27C97DBB0013605E /* Debug */,
				22DCFE1B27C97DBB0013605E /* Release */,
			);
			defaultConfigurationIsVisible = 0;
			defaultConfigurationName = Release;
		};
		22DCFE1C27C97DBB0013605E /* Build configuration list for PBXNativeTarget "CoreDataDemo-1" */ = {
			isa = XCConfigurationList;
			buildConfigurations = (
				22DCFE1D27C97DBB0013605E /* Debug */,
				22DCFE1E27C97DBB0013605E /* Release */,
			);
			defaultConfigurationIsVisible = 0;
			defaultConfigurationName = Release;
		};
/* End XCConfigurationList section */

/* Begin XCVersionGroup section */
		22DCFE1127C97DB90013605E /* CoreDataDemo_1.xcdatamodeld */ = {
			isa = XCVersionGroup;
			children = (
				22DCFE1227C97DB90013605E /* CoreDataDemo_1.xcdatamodel */,
			);
			currentVersion = 22DCFE1227C97DB90013605E /* CoreDataDemo_1.xcdatamodel */;
			path = CoreDataDemo_1.xcdatamodeld;
			sourceTree = "<group>";
			versionGroupType = wrapper.xcdatamodel;
		};
/* End XCVersionGroup section */
	};
	rootObject = 22DCFDFD27C97DB90013605E /* Project object */;
}
